
Microsoft Visual Studio Solution File, Format Version 11.00
# Visual Studio 2010
Project("{3947E667-4C90-4C3A-BEB9-7148D6FE0D7C}") = "Plotting", "Plotting\Plotting.dproj", "{5B91B4C9-56B4-4E3A-8434-C3CFABED213D}"
EndProject
Project("{3947E667-4C90-4C3A-BEB9-7148D6FE0D7C}") = "Optimization", "Optimization\Optimization.dproj", "{669F6A08-3DA9-46A7-8DAB-AE64D71724AA}"
EndProject
Project("{2150E333-8FDC-42A3-9474-1A3956D46DE8}") = "Demos", "Demos", "{948C45E8-9EA4-41E3-A764-C55EA25D3B89}"
EndProject
Project("{2150E333-8FDC-42A3-9474-1A3956D46DE8}") = "Optimization", "Optimization", "{09B4F352-A3E8-48AB-B56C-B896D7A30715}"
EndProject
Project("{3947E667-4C90-4C3A-BEB9-7148D6FE0D7C}") = "LineSearch", "Demos\Optimization\LineSearch\LineSearch.dproj", "{23814DCC-CAB8-4A3A-BEC9-37A619AD4CBB}"
EndProject
Project("{3947E667-4C90-4C3A-BEB9-7148D6FE0D7C}") = "ConstrainedOpt", "Demos\Optimization\ConstrainedOpt\ConstrainedOpt.dproj", "{6284E55E-4730-4265-A416-2068F59950B8}"
EndProject
Project("{3947E667-4C90-4C3A-BEB9-7148D6FE0D7C}") = "Derivatives", "Demos\Optimization\Derivatives\Derivatives.dproj", "{198C9AF3-2595-4747-9138-200D38E50698}"
EndProject
Project("{3947E667-4C90-4C3A-BEB9-7148D6FE0D7C}") = "GradientFree", "Demos\Optimization\GradientFree\GradientFree.dproj", "{75F565EA-2442-4EA7-8990-E309A61CB7F1}"
EndProject
Project("{3947E667-4C90-4C3A-BEB9-7148D6FE0D7C}") = "UnconstrainedOpt", "Demos\Optimization\UnconstrainedOpt\UnconstrainedOpt.dproj", "{8D8E4EAD-3000-4BEA-87EA-7C2275D3F4B0}"
EndProject
Project("{2150E333-8FDC-42A3-9474-1A3956D46DE8}") = "LinearAlgebra", "LinearAlgebra", "{4D6714D8-903D-4875-8183-7A4C411232D1}"
EndProject
Project("{3947E667-4C90-4C3A-BEB9-7148D6FE0D7C}") = "MatrixMaths", "Demos\LinearAlgebra\MatrixMaths\MatrixMaths.dproj", "{287947A4-91DE-4B25-A0AF-E71F43709963}"
EndProject
Project("{3947E667-4C90-4C3A-BEB9-7148D6FE0D7C}") = "LinearAlgebra", "LinearAlgebra\LinearAlgebra.dproj", "{A4B62972-7B35-4DFA-892F-BED5DA910722}"
EndProject
Global
	GlobalSection(SolutionConfigurationPlatforms) = preSolution
		Debug|Any CPU = Debug|Any CPU
		Release|Any CPU = Release|Any CPU
		Unittest|Any CPU = Unittest|Any CPU
	EndGlobalSection
	GlobalSection(ProjectConfigurationPlatforms) = postSolution
		{198C9AF3-2595-4747-9138-200D38E50698}.Debug|Any CPU.ActiveCfg = Debug|Any CPU
		{198C9AF3-2595-4747-9138-200D38E50698}.Debug|Any CPU.Build.0 = Debug|Any CPU
		{198C9AF3-2595-4747-9138-200D38E50698}.Release|Any CPU.ActiveCfg = Release|Any CPU
		{198C9AF3-2595-4747-9138-200D38E50698}.Release|Any CPU.Build.0 = Release|Any CPU
		{198C9AF3-2595-4747-9138-200D38E50698}.Unittest|Any CPU.ActiveCfg = Unittest|Any CPU
		{198C9AF3-2595-4747-9138-200D38E50698}.Unittest|Any CPU.Build.0 = Unittest|Any CPU
		{23814DCC-CAB8-4A3A-BEC9-37A619AD4CBB}.Debug|Any CPU.ActiveCfg = Debug|Any CPU
		{23814DCC-CAB8-4A3A-BEC9-37A619AD4CBB}.Debug|Any CPU.Build.0 = Debug|Any CPU
		{23814DCC-CAB8-4A3A-BEC9-37A619AD4CBB}.Release|Any CPU.ActiveCfg = Release|Any CPU
		{23814DCC-CAB8-4A3A-BEC9-37A619AD4CBB}.Release|Any CPU.Build.0 = Release|Any CPU
		{23814DCC-CAB8-4A3A-BEC9-37A619AD4CBB}.Unittest|Any CPU.ActiveCfg = Unittest|Any CPU
		{23814DCC-CAB8-4A3A-BEC9-37A619AD4CBB}.Unittest|Any CPU.Build.0 = Unittest|Any CPU
		{287947A4-91DE-4B25-A0AF-E71F43709963}.Debug|Any CPU.ActiveCfg = Debug|Any CPU
		{287947A4-91DE-4B25-A0AF-E71F43709963}.Debug|Any CPU.Build.0 = Debug|Any CPU
		{287947A4-91DE-4B25-A0AF-E71F43709963}.Release|Any CPU.ActiveCfg = Release|Any CPU
		{287947A4-91DE-4B25-A0AF-E71F43709963}.Release|Any CPU.Build.0 = Release|Any CPU
		{287947A4-91DE-4B25-A0AF-E71F43709963}.Unittest|Any CPU.ActiveCfg = Unittest|Any CPU
		{287947A4-91DE-4B25-A0AF-E71F43709963}.Unittest|Any CPU.Build.0 = Unittest|Any CPU
		{5B91B4C9-56B4-4E3A-8434-C3CFABED213D}.Debug|Any CPU.ActiveCfg = Debug|Any CPU
		{5B91B4C9-56B4-4E3A-8434-C3CFABED213D}.Debug|Any CPU.Build.0 = Debug|Any CPU
		{5B91B4C9-56B4-4E3A-8434-C3CFABED213D}.Release|Any CPU.ActiveCfg = Release|Any CPU
		{5B91B4C9-56B4-4E3A-8434-C3CFABED213D}.Release|Any CPU.Build.0 = Release|Any CPU
		{5B91B4C9-56B4-4E3A-8434-C3CFABED213D}.Unittest|Any CPU.ActiveCfg = Unittest|Any CPU
		{5B91B4C9-56B4-4E3A-8434-C3CFABED213D}.Unittest|Any CPU.Build.0 = Unittest|Any CPU
		{6284E55E-4730-4265-A416-2068F59950B8}.Debug|Any CPU.ActiveCfg = Debug|Any CPU
		{6284E55E-4730-4265-A416-2068F59950B8}.Debug|Any CPU.Build.0 = Debug|Any CPU
		{6284E55E-4730-4265-A416-2068F59950B8}.Release|Any CPU.ActiveCfg = Release|Any CPU
		{6284E55E-4730-4265-A416-2068F59950B8}.Release|Any CPU.Build.0 = Release|Any CPU
		{6284E55E-4730-4265-A416-2068F59950B8}.Unittest|Any CPU.ActiveCfg = Unittest|Any CPU
		{6284E55E-4730-4265-A416-2068F59950B8}.Unittest|Any CPU.Build.0 = Unittest|Any CPU
		{669F6A08-3DA9-46A7-8DAB-AE64D71724AA}.Debug|Any CPU.ActiveCfg = Debug|Any CPU
		{669F6A08-3DA9-46A7-8DAB-AE64D71724AA}.Debug|Any CPU.Build.0 = Debug|Any CPU
		{669F6A08-3DA9-46A7-8DAB-AE64D71724AA}.Release|Any CPU.ActiveCfg = Release|Any CPU
		{669F6A08-3DA9-46A7-8DAB-AE64D71724AA}.Release|Any CPU.Build.0 = Release|Any CPU
		{669F6A08-3DA9-46A7-8DAB-AE64D71724AA}.Unittest|Any CPU.ActiveCfg = Unittest|Any CPU
		{669F6A08-3DA9-46A7-8DAB-AE64D71724AA}.Unittest|Any CPU.Build.0 = Unittest|Any CPU
		{75F565EA-2442-4EA7-8990-E309A61CB7F1}.Debug|Any CPU.ActiveCfg = Debug|Any CPU
		{75F565EA-2442-4EA7-8990-E309A61CB7F1}.Debug|Any CPU.Build.0 = Debug|Any CPU
		{75F565EA-2442-4EA7-8990-E309A61CB7F1}.Release|Any CPU.ActiveCfg = Release|Any CPU
		{75F565EA-2442-4EA7-8990-E309A61CB7F1}.Release|Any CPU.Build.0 = Release|Any CPU
		{75F565EA-2442-4EA7-8990-E309A61CB7F1}.Unittest|Any CPU.ActiveCfg = Unittest|Any CPU
		{75F565EA-2442-4EA7-8990-E309A61CB7F1}.Unittest|Any CPU.Build.0 = Unittest|Any CPU
		{8D8E4EAD-3000-4BEA-87EA-7C2275D3F4B0}.Debug|Any CPU.ActiveCfg = Debug|Any CPU
		{8D8E4EAD-3000-4BEA-87EA-7C2275D3F4B0}.Debug|Any CPU.Build.0 = Debug|Any CPU
		{8D8E4EAD-3000-4BEA-87EA-7C2275D3F4B0}.Release|Any CPU.ActiveCfg = Release|Any CPU
		{8D8E4EAD-3000-4BEA-87EA-7C2275D3F4B0}.Release|Any CPU.Build.0 = Release|Any CPU
		{8D8E4EAD-3000-4BEA-87EA-7C2275D3F4B0}.Unittest|Any CPU.ActiveCfg = Unittest|Any CPU
		{8D8E4EAD-3000-4BEA-87EA-7C2275D3F4B0}.Unittest|Any CPU.Build.0 = Unittest|Any CPU
		{A4B62972-7B35-4DFA-892F-BED5DA910722}.Debug|Any CPU.ActiveCfg = Debug|Any CPU
		{A4B62972-7B35-4DFA-892F-BED5DA910722}.Debug|Any CPU.Build.0 = Debug|Any CPU
		{A4B62972-7B35-4DFA-892F-BED5DA910722}.Release|Any CPU.ActiveCfg = Release|Any CPU
		{A4B62972-7B35-4DFA-892F-BED5DA910722}.Release|Any CPU.Build.0 = Release|Any CPU
		{A4B62972-7B35-4DFA-892F-BED5DA910722}.Unittest|Any CPU.ActiveCfg = Unittest|Any CPU
		{A4B62972-7B35-4DFA-892F-BED5DA910722}.Unittest|Any CPU.Build.0 = Unittest|Any CPU
	EndGlobalSection
	GlobalSection(NestedProjects) = preSolution
		{09B4F352-A3E8-48AB-B56C-B896D7A30715} = {948C45E8-9EA4-41E3-A764-C55EA25D3B89}
		{4D6714D8-903D-4875-8183-7A4C411232D1} = {948C45E8-9EA4-41E3-A764-C55EA25D3B89}
		{23814DCC-CAB8-4A3A-BEC9-37A619AD4CBB} = {09B4F352-A3E8-48AB-B56C-B896D7A30715}
		{6284E55E-4730-4265-A416-2068F59950B8} = {09B4F352-A3E8-48AB-B56C-B896D7A30715}
		{198C9AF3-2595-4747-9138-200D38E50698} = {09B4F352-A3E8-48AB-B56C-B896D7A30715}
		{75F565EA-2442-4EA7-8990-E309A61CB7F1} = {09B4F352-A3E8-48AB-B56C-B896D7A30715}
		{8D8E4EAD-3000-4BEA-87EA-7C2275D3F4B0} = {09B4F352-A3E8-48AB-B56C-B896D7A30715}
		{287947A4-91DE-4B25-A0AF-E71F43709963} = {4D6714D8-903D-4875-8183-7A4C411232D1}
	EndGlobalSection
EndGlobal
