<?xml version="1.0" encoding="utf-8"?>
<Project DefaultTargets="Build" ToolsVersion="4.0" xmlns="http://schemas.microsoft.com/developer/msbuild/2003">
  <PropertyGroup>
    <Configuration Condition=" '$(Configuration)' == '' ">Debug</Configuration>
    <Platform Condition=" '$(Platform)' == '' ">AnyCPU</Platform>
    <ProductVersion>8.0.30703</ProductVersion>
    <SchemaVersion>2.0</SchemaVersion>
    <ProjectGuid>{5B91B4C9-56B4-4E3A-8434-C3CFABED213D}</ProjectGuid>
    <UseDefaultCompiler>true</UseDefaultCompiler>
    <PreferOneStepBuild>true</PreferOneStepBuild>
    <Compiler>DMD2</Compiler>
    <IncrementalLinking>true</IncrementalLinking>
    <Includes>
      <Includes>
        <Path>/usr/local/include/d/plplot</Path>
      </Includes>
    </Includes>
  </PropertyGroup>
  <PropertyGroup Condition=" '$(Configuration)|$(Platform)' == 'Debug|AnyCPU' ">
    <DebugSymbols>true</DebugSymbols>
    <OutputPath>bin\Debug</OutputPath>
    <ObjectsDirectory>obj/Debug</ObjectsDirectory>
    <LinkinThirdPartyLibraries>true</LinkinThirdPartyLibraries>
    <UnittestMode>false</UnittestMode>
    <OutputName>libPlotting</OutputName>
    <Target>StaticLibrary</Target>
    <Externalconsole>true</Externalconsole>
    <DebugLevel>0</DebugLevel>
    <ExtraLinkerArguments>-framework QtCore -framework QtGui -framework QtSvg /opt/X11/lib/libX11.dylib /usr/local/lib/libqsastime.a /usr/local/lib/libplplotdmdd.a /usr/local/lib/libplplotd.a /usr/lib/libc++.dylib</ExtraLinkerArguments>
  </PropertyGroup>
  <PropertyGroup Condition=" '$(Configuration)|$(Platform)' == 'Release|AnyCPU' ">
    <OutputPath>bin\Release</OutputPath>
    <ObjectsDirectory>obj/Release</ObjectsDirectory>
    <LinkinThirdPartyLibraries>false</LinkinThirdPartyLibraries>
    <UnittestMode>false</UnittestMode>
    <OutputName>libPlotting</OutputName>
    <Target>StaticLibrary</Target>
    <Externalconsole>true</Externalconsole>
    <DebugLevel>0</DebugLevel>
    <ExtraLinkerArguments>-framework QtCore -framework QtGui -framework QtSvg /opt/X11/lib/libX11.dylib /usr/local/lib/libqsastime.a /usr/local/lib/libplplotdmdd.a /usr/local/lib/libplplotd.a /usr/lib/libc++.dylib</ExtraLinkerArguments>
  </PropertyGroup>
  <PropertyGroup Condition=" '$(Configuration)|$(Platform)' == 'Unittest|AnyCPU' ">
    <DebugSymbols>true</DebugSymbols>
    <OutputPath>bin\Unittest</OutputPath>
    <ObjectsDirectory>obj/Unittest</ObjectsDirectory>
    <LinkinThirdPartyLibraries>false</LinkinThirdPartyLibraries>
    <UnittestMode>true</UnittestMode>
    <OutputName>libPlotting</OutputName>
    <Target>Executable</Target>
    <Externalconsole>true</Externalconsole>
    <DebugLevel>0</DebugLevel>
    <ExtraLinkerArguments>-framework QtCore -framework QtGui -framework QtSvg /opt/X11/lib/libX11.dylib /usr/local/lib/libqsastime.a /usr/local/lib/libplplotdmdd.a /usr/local/lib/libplplotd.a /usr/lib/libc++.dylib</ExtraLinkerArguments>
  </PropertyGroup>
  <ItemGroup>
    <Compile Include="Color.d" />
    <Compile Include="FigPlot.d" />
    <Compile Include="Line.d" />
  </ItemGroup>
</Project>