<?xml version="1.0" encoding="utf-8"?>
<Project DefaultTargets="Build" ToolsVersion="4.0" xmlns="http://schemas.microsoft.com/developer/msbuild/2003">
  <PropertyGroup>
    <Configuration Condition=" '$(Configuration)' == '' ">Debug</Configuration>
    <Platform Condition=" '$(Platform)' == '' ">AnyCPU</Platform>
    <ProductVersion>8.0.30703</ProductVersion>
    <SchemaVersion>2.0</SchemaVersion>
    <ProjectGuid>{75F565EA-2442-4EA7-8990-E309A61CB7F1}</ProjectGuid>
    <UseDefaultCompiler>true</UseDefaultCompiler>
    <PreferOneStepBuild>true</PreferOneStepBuild>
    <Compiler>DMD2</Compiler>
    <IncrementalLinking>true</IncrementalLinking>
    <Includes>
      <Includes>
        <Path>/usr/local/include/d</Path>
        <Path>../../..</Path>
        <Path>/home/rrau/cblas/source</Path>
      </Includes>
    </Includes>
  </PropertyGroup>
  <PropertyGroup Condition=" '$(Configuration)|$(Platform)' == 'Debug|AnyCPU' ">
    <DebugSymbols>true</DebugSymbols>
    <OutputPath>bin\Debug</OutputPath>
    <ObjectsDirectory>obj/Debug</ObjectsDirectory>
    <LinkinThirdPartyLibraries>false</LinkinThirdPartyLibraries>
    <UnittestMode>false</UnittestMode>
    <OutputName>Homework5</OutputName>
    <Target>Executable</Target>
    <Externalconsole>true</Externalconsole>
    <DebugLevel>0</DebugLevel>
    <ExtraLinkerArguments>/home/rrau/numd/Optimization/bin/Debug/libMDOL.a /usr/local/lib/libscid-dmd.a /usr/lib/liblapack.a /home/rrau/cblas/libcblas.a /usr/lib/libopenblas.so.0 /usr/lib/x86_64-linux-gnu/libgfortran.so.3</ExtraLinkerArguments>
  </PropertyGroup>
  <PropertyGroup Condition=" '$(Configuration)|$(Platform)' == 'Release|AnyCPU' ">
    <OutputPath>bin\Release</OutputPath>
    <ObjectsDirectory>obj/Release</ObjectsDirectory>
    <LinkinThirdPartyLibraries>false</LinkinThirdPartyLibraries>
    <UnittestMode>false</UnittestMode>
    <OutputName>Homework5</OutputName>
    <Target>Executable</Target>
    <Externalconsole>true</Externalconsole>
    <DebugLevel>0</DebugLevel>
    <ExtraLinkerArguments>-framework QtCore -framework QtGui -framework QtSvg /opt/X11/lib/libX11.dylib /usr/local/lib/libqsastime.a /usr/local/lib/libplplotdmdd.a /usr/local/lib/libplplotd.a /usr/local/lib/libscid.a /usr/lib/libc++.dylib /usr/lib/libblas.dylib /usr/lib/liblapack.dylib</ExtraLinkerArguments>
  </PropertyGroup>
  <PropertyGroup Condition=" '$(Configuration)|$(Platform)' == 'Unittest|AnyCPU' ">
    <DebugSymbols>true</DebugSymbols>
    <OutputPath>bin\Unittest</OutputPath>
    <ObjectsDirectory>obj/Unittest</ObjectsDirectory>
    <LinkinThirdPartyLibraries>false</LinkinThirdPartyLibraries>
    <UnittestMode>true</UnittestMode>
    <OutputName>Homework5</OutputName>
    <Target>Executable</Target>
    <Externalconsole>true</Externalconsole>
    <DebugLevel>0</DebugLevel>
    <ExtraLinkerArguments>/usr/local/lib/libscid.a /usr/lib/libc++.dylib /usr/lib/libblas.dylib /usr/lib/liblapack.dylib</ExtraLinkerArguments>
  </PropertyGroup>
  <ItemGroup>
    <Compile Include="main.d" />
  </ItemGroup>
</Project>