<?xml version="1.0" encoding="utf-8"?>
<Project DefaultTargets="Build" ToolsVersion="4.0" xmlns="http://schemas.microsoft.com/developer/msbuild/2003">
  <PropertyGroup>
    <Configuration Condition=" '$(Configuration)' == '' ">Debug</Configuration>
    <Platform Condition=" '$(Platform)' == '' ">AnyCPU</Platform>
    <ProductVersion>10.0.0</ProductVersion>
    <SchemaVersion>2.0</SchemaVersion>
    <ProjectGuid>{6284E55E-4730-4265-A416-2068F59950B8}</ProjectGuid>
    <UseDefaultCompiler>true</UseDefaultCompiler>
    <PreferOneStepBuild>true</PreferOneStepBuild>
    <Compiler>DMD2</Compiler>
    <IncrementalLinking>true</IncrementalLinking>
    <Includes>
      <Includes>
        <Path>/usr/local/include/d/plplot</Path>
        <Path>/Users/rrau/AE588Homework</Path>
        <Path>/Users/rrau/Desktop/Downloads/scid-master/import</Path>
      </Includes>
    </Includes>
    <DependentProjectIds>
      <DependentProjectIds>
        <String>{5B91B4C9-56B4-4E3A-8434-C3CFABED213D}</String>
        <String>{669F6A08-3DA9-46A7-8DAB-AE64D71724AA}</String>
      </DependentProjectIds>
    </DependentProjectIds>
  </PropertyGroup>
  <PropertyGroup Condition=" '$(Configuration)|$(Platform)' == 'Debug|AnyCPU' ">
    <DebugSymbols>true</DebugSymbols>
    <OutputPath>bin\Debug</OutputPath>
    <ObjectsDirectory>obj/Debug</ObjectsDirectory>
    <LinkinThirdPartyLibraries>false</LinkinThirdPartyLibraries>
    <UnittestMode>false</UnittestMode>
    <OutputName>Homework4</OutputName>
    <Target>Executable</Target>
    <Externalconsole>true</Externalconsole>
    <DebugLevel>0</DebugLevel>
    <ExtraLinkerArguments>-framework QtCore -framework QtGui -framework QtSvg /opt/X11/lib/libX11.dylib /usr/local/lib/libqsastime.a /usr/local/lib/libplplotdmdd.a /usr/local/lib/libplplotd.a /usr/local/lib/libscid.a /usr/lib/libc++.dylib /usr/lib/libblas.dylib /usr/lib/liblapack.dylib</ExtraLinkerArguments>
  </PropertyGroup>
  <PropertyGroup Condition=" '$(Configuration)|$(Platform)' == 'Release|AnyCPU' ">
    <OutputPath>bin\Release</OutputPath>
    <ObjectsDirectory>obj/Release</ObjectsDirectory>
    <LinkinThirdPartyLibraries>false</LinkinThirdPartyLibraries>
    <UnittestMode>false</UnittestMode>
    <OutputName>Homework4</OutputName>
    <Target>Executable</Target>
    <Externalconsole>true</Externalconsole>
    <DebugLevel>0</DebugLevel>
    <ExtraLinkerArguments>-framework QtCore -framework QtGui -framework QtSvg /opt/X11/lib/libX11.dylib /usr/local/lib/libqsastime.a /usr/local/lib/libplplotdmdd.a /usr/local/lib/libplplotd.a /usr/local/lib/libscid.a /usr/lib/libc++.dylib /usr/lib/libblas.dylib /usr/lib/liblapack.dylib</ExtraLinkerArguments>
  </PropertyGroup>
  <PropertyGroup Condition=" '$(Configuration)|$(Platform)' == 'Unittest|AnyCPU' ">
    <DebugSymbols>true</DebugSymbols>
    <OutputPath>bin\Unittest</OutputPath>
    <ObjectsDirectory>obj/Unittest</ObjectsDirectory>
    <LinkinThirdPartyLibraries>false</LinkinThirdPartyLibraries>
    <UnittestMode>true</UnittestMode>
    <OutputName>Homework4</OutputName>
    <Target>Executable</Target>
    <Externalconsole>true</Externalconsole>
    <DebugLevel>0</DebugLevel>
    <ExtraLinkerArguments>-framework QtCore -framework QtGui -framework QtSvg /opt/X11/lib/libX11.dylib /usr/local/lib/libqsastime.a /usr/local/lib/libplplotdmdd.a /usr/local/lib/libplplotd.a /usr/local/lib/libscid.a /usr/lib/libc++.dylib /usr/lib/libblas.dylib /usr/lib/liblapack.dylib</ExtraLinkerArguments>
  </PropertyGroup>
  <ItemGroup>
    <Compile Include="main.d" />
  </ItemGroup>
</Project>